<Solution>
  <Configurations>
    <Platform Name="x64" />
    <Platform Name="x86" />
  </Configurations>
  <Project Path="02 Logic Operators/02 Logic Operators.vcxproj" Id="ef727b2d-8ca4-4e8e-815f-5a908c8143d1">
    <BuildDependency Project="03 EnumCycles/03 EnumCycles.vcxproj" />
  </Project>
  <Project Path="03 EnumCycles/03 EnumCycles.vcxproj" Id="8c7a8369-2a2e-42d8-b38d-ed1af424b122" />
  <Project Path="1 Intro/1 Intro.vcxproj" Id="92575908-f921-4ba7-bef0-517f8d6573f7" />
</Solution>
